
Microsoft Visual Studio Solution File, Format Version 12.00
# Visual Studio Version 17
VisualStudioVersion = 17.1.32421.90
MinimumVisualStudioVersion = 10.0.40219.1
Project("{FAE04EC0-301F-11D3-BF4B-00C04F79EFBC}") = "Project1", "Project1\Project1.csproj", "{8E0B4BE8-EE4A-475A-930E-D05C1B1D9680}"
EndProject
Global
	GlobalSection(SolutionConfigurationPlatforms) = preSolution
		Debug|Any CPU = Debug|Any CPU
		Release|Any CPU = Release|Any CPU
	EndGlobalSection
	GlobalSection(ProjectConfigurationPlatforms) = postSolution
		{8E0B4BE8-EE4A-475A-930E-D05C1B1D9680}.Debug|Any CPU.ActiveCfg = Debug|Any CPU
		{8E0B4BE8-EE4A-475A-930E-D05C1B1D9680}.Debug|Any CPU.Build.0 = Debug|Any CPU
		{8E0B4BE8-EE4A-475A-930E-D05C1B1D9680}.Release|Any CPU.ActiveCfg = Release|Any CPU
		{8E0B4BE8-EE4A-475A-930E-D05C1B1D9680}.Release|Any CPU.Build.0 = Release|Any CPU
	EndGlobalSection
	GlobalSection(SolutionProperties) = preSolution
		HideSolutionNode = FALSE
	EndGlobalSection
	GlobalSection(ExtensibilityGlobals) = postSolution
		SolutionGuid = {27784724-942D-414E-93E0-EAB08BA6875F}
	EndGlobalSection
EndGlobal
